// !$*UTF8*$!
{
	archiveVersion = 1;
	classes = {
	};
	objectVersion = 77;
	objects = {

/* Begin PBXBuildFile section */
		848733F62D84116B00CB6FC1 /* FirebaseAuth in Frameworks */ = {isa = PBXBuildFile; productRef = 848733F52D84116B00CB6FC1 /* FirebaseAuth */; };
		848733F82D84116B00CB6FC1 /* FirebaseCore in Frameworks */ = {isa = PBXBuildFile; productRef = 848733F72D84116B00CB6FC1 /* FirebaseCore */; };
		848733FA2D84116B00CB6FC1 /* FirebaseDatabase in Frameworks */ = {isa = PBXBuildFile; productRef = 848733F92D84116B00CB6FC1 /* FirebaseDatabase */; };
		848733FC2D84116B00CB6FC1 /* FirebaseFirestore in Frameworks */ = {isa = PBXBuildFile; productRef = 848733FB2D84116B00CB6FC1 /* FirebaseFirestore */; };
		848733FE2D84116B00CB6FC1 /* FirebaseFunctions in Frameworks */ = {isa = PBXBuildFile; productRef = 848733FD2D84116B00CB6FC1 /* FirebaseFunctions */; };
		848734002D84116B00CB6FC1 /* FirebaseMessaging in Frameworks */ = {isa = PBXBuildFile; productRef = 848733FF2D84116B00CB6FC1 /* FirebaseMessaging */; };
		848734022D84116B00CB6FC1 /* FirebaseStorage in Frameworks */ = {isa = PBXBuildFile; productRef = 848734012D84116B00CB6FC1 /* FirebaseStorage */; };
		B9C47CC887DCC81958D391FF /* Pods_Zenlyne.framework in Frameworks */ = {isa = PBXBuildFile; fileRef = F9D135F14B326939714176B7 /* Pods_Zenlyne.framework */; };
/* End PBXBuildFile section */

/* Begin PBXFileReference section */
		605441E09302F2931C8C5466 /* Pods-Zenlyne.debug.xcconfig */ = {isa = PBXFileReference; includeInIndex = 1; lastKnownFileType = text.xcconfig; name = "Pods-Zenlyne.debug.xcconfig"; path = "Target Support Files/Pods-Zenlyne/Pods-Zenlyne.debug.xcconfig"; sourceTree = "<group>"; };
		72C3251C961E851F1BF4C6C9 /* Pods-Zenlyne.release.xcconfig */ = {isa = PBXFileReference; includeInIndex = 1; lastKnownFileType = text.xcconfig; name = "Pods-Zenlyne.release.xcconfig"; path = "Target Support Files/Pods-Zenlyne/Pods-Zenlyne.release.xcconfig"; sourceTree = "<group>"; };
		848733CB2D8407D900CB6FC1 /* Zenlyne.app */ = {isa = PBXFileReference; explicitFileType = wrapper.application; includeInIndex = 0; path = Zenlyne.app; sourceTree = BUILT_PRODUCTS_DIR; };
		F9D135F14B326939714176B7 /* Pods_Zenlyne.framework */ = {isa = PBXFileReference; explicitFileType = wrapper.framework; includeInIndex = 0; path = Pods_Zenlyne.framework; sourceTree = BUILT_PRODUCTS_DIR; };
/* End PBXFileReference section */

/* Begin PBXFileSystemSynchronizedRootGroup section */
		848733CD2D8407D900CB6FC1 /* Zenlyne */ = {
			isa = PBXFileSystemSynchronizedRootGroup;
			path = Zenlyne;
			sourceTree = "<group>";
		};
/* End PBXFileSystemSynchronizedRootGroup section */

/* Begin PBXFrameworksBuildPhase section */
		848733C82D8407D900CB6FC1 /* Frameworks */ = {
			isa = PBXFrameworksBuildPhase;
			buildActionMask = 2147483647;
			files = (
				B9C47CC887DCC81958D391FF /* Pods_Zenlyne.framework in Frameworks */,
				848733F82D84116B00CB6FC1 /* FirebaseCore in Frameworks */,
				848734002D84116B00CB6FC1 /* FirebaseMessaging in Frameworks */,
				848733FA2D84116B00CB6FC1 /* FirebaseDatabase in Frameworks */,
				848733FE2D84116B00CB6FC1 /* FirebaseFunctions in Frameworks */,
				848734022D84116B00CB6FC1 /* FirebaseStorage in Frameworks */,
				848733FC2D84116B00CB6FC1 /* FirebaseFirestore in Frameworks */,
				848733F62D84116B00CB6FC1 /* FirebaseAuth in Frameworks */,
			);
			runOnlyForDeploymentPostprocessing = 0;
		};
/* End PBXFrameworksBuildPhase section */

/* Begin PBXGroup section */
		226B1AAE2208E7A9574F651A /* Frameworks */ = {
			isa = PBXGroup;
			children = (
				F9D135F14B326939714176B7 /* Pods_Zenlyne.framework */,
			);
			name = Frameworks;
			sourceTree = "<group>";
		};
		6EFA98BDC7932F42D80F6E4B /* Pods */ = {
			isa = PBXGroup;
			children = (
				605441E09302F2931C8C5466 /* Pods-Zenlyne.debug.xcconfig */,
				72C3251C961E851F1BF4C6C9 /* Pods-Zenlyne.release.xcconfig */,
			);
			path = Pods;
			sourceTree = "<group>";
		};
		848733C22D8407D900CB6FC1 = {
			isa = PBXGroup;
			children = (
				848733CD2D8407D900CB6FC1 /* Zenlyne */,
				848733CC2D8407D900CB6FC1 /* Products */,
				6EFA98BDC7932F42D80F6E4B /* Pods */,
				226B1AAE2208E7A9574F651A /* Frameworks */,
			);
			sourceTree = "<group>";
		};
		848733CC2D8407D900CB6FC1 /* Products */ = {
			isa = PBXGroup;
			children = (
				848733CB2D8407D900CB6FC1 /* Zenlyne.app */,
			);
			name = Products;
			sourceTree = "<group>";
		};
/* End PBXGroup section */

/* Begin PBXNativeTarget section */
		848733CA2D8407D900CB6FC1 /* Zenlyne */ = {
			isa = PBXNativeTarget;
			buildConfigurationList = 848733D92D8407DD00CB6FC1 /* Build configuration list for PBXNativeTarget "Zenlyne" */;
			buildPhases = (
				6CDF1A03C690C22C0DDC3143 /* [CP] Check Pods Manifest.lock */,
				848733C72D8407D900CB6FC1 /* Sources */,
				848733C82D8407D900CB6FC1 /* Frameworks */,
				848733C92D8407D900CB6FC1 /* Resources */,
				10EBBC0C8E95E981434626D9 /* [CP] Embed Pods Frameworks */,
			);
			buildRules = (
			);
			dependencies = (
			);
			fileSystemSynchronizedGroups = (
				848733CD2D8407D900CB6FC1 /* Zenlyne */,
			);
			name = Zenlyne;
			productName = Zenlyne;
			productReference = 848733CB2D8407D900CB6FC1 /* Zenlyne.app */;
			productType = "com.apple.product-type.application";
		};
/* End PBXNativeTarget section */

/* Begin PBXProject section */
		848733C32D8407D900CB6FC1 /* Project object */ = {
			isa = PBXProject;
			attributes = {
				BuildIndependentTargetsInParallel = 1;
				LastSwiftUpdateCheck = 1620;
				LastUpgradeCheck = 1620;
				TargetAttributes = {
					848733CA2D8407D900CB6FC1 = {
						CreatedOnToolsVersion = 16.2;
					};
				};
			};
			buildConfigurationList = 848733C62D8407D900CB6FC1 /* Build configuration list for PBXProject "Zenlyne" */;
			developmentRegion = en;
			hasScannedForEncodings = 0;
			knownRegions = (
				en,
				Base,
			);
			mainGroup = 848733C22D8407D900CB6FC1;
			minimizedProjectReferenceProxies = 1;
			packageReferences = (
				848733F42D84116B00CB6FC1 /* XCRemoteSwiftPackageReference "firebase-ios-sdk" */,
			);
			preferredProjectObjectVersion = 77;
			productRefGroup = 848733CC2D8407D900CB6FC1 /* Products */;
			projectDirPath = "";
			projectRoot = "";
			targets = (
				848733CA2D8407D900CB6FC1 /* Zenlyne */,
			);
		};
/* End PBXProject section */

/* Begin PBXResourcesBuildPhase section */
		848733C92D8407D900CB6FC1 /* Resources */ = {
			isa = PBXResourcesBuildPhase;
			buildActionMask = 2147483647;
			files = (
			);
			runOnlyForDeploymentPostprocessing = 0;
		};
/* End PBXResourcesBuildPhase section */

/* Begin PBXShellScriptBuildPhase section */
		10EBBC0C8E95E981434626D9 /* [CP] Embed Pods Frameworks */ = {
			isa = PBXShellScriptBuildPhase;
			buildActionMask = 2147483647;
			files = (
			);
			inputFileListPaths = (
				"${PODS_ROOT}/Target Support Files/Pods-Zenlyne/Pods-Zenlyne-frameworks-${CONFIGURATION}-input-files.xcfilelist",
			);
			name = "[CP] Embed Pods Frameworks";
			outputFileListPaths = (
				"${PODS_ROOT}/Target Support Files/Pods-Zenlyne/Pods-Zenlyne-frameworks-${CONFIGURATION}-output-files.xcfilelist",
			);
			runOnlyForDeploymentPostprocessing = 0;
			shellPath = /bin/sh;
			shellScript = "\"${PODS_ROOT}/Target Support Files/Pods-Zenlyne/Pods-Zenlyne-frameworks.sh\"\n";
			showEnvVarsInLog = 0;
		};
		6CDF1A03C690C22C0DDC3143 /* [CP] Check Pods Manifest.lock */ = {
			isa = PBXShellScriptBuildPhase;
			buildActionMask = 2147483647;
			files = (
			);
			inputFileListPaths = (
			);
			inputPaths = (
				"${PODS_PODFILE_DIR_PATH}/Podfile.lock",
				"${PODS_ROOT}/Manifest.lock",
			);
			name = "[CP] Check Pods Manifest.lock";
			outputFileListPaths = (
			);
			outputPaths = (
				"$(DERIVED_FILE_DIR)/Pods-Zenlyne-checkManifestLockResult.txt",
			);
			runOnlyForDeploymentPostprocessing = 0;
			shellPath = /bin/sh;
			shellScript = "diff \"${PODS_PODFILE_DIR_PATH}/Podfile.lock\" \"${PODS_ROOT}/Manifest.lock\" > /dev/null\nif [ $? != 0 ] ; then\n    # print error to STDERR\n    echo \"error: The sandbox is not in sync with the Podfile.lock. Run 'pod install' or update your CocoaPods installation.\" >&2\n    exit 1\nfi\n# This output is used by Xcode 'outputs' to avoid re-running this script phase.\necho \"SUCCESS\" > \"${SCRIPT_OUTPUT_FILE_0}\"\n";
			showEnvVarsInLog = 0;
		};
/* End PBXShellScriptBuildPhase section */

/* Begin PBXSourcesBuildPhase section */
		848733C72D8407D900CB6FC1 /* Sources */ = {
			isa = PBXSourcesBuildPhase;
			buildActionMask = 2147483647;
			files = (
			);
			runOnlyForDeploymentPostprocessing = 0;
		};
/* End PBXSourcesBuildPhase section */

/* Begin XCBuildConfiguration section */
		848733D72D8407DD00CB6FC1 /* Debug */ = {
			isa = XCBuildConfiguration;
			buildSettings = {
				ALWAYS_SEARCH_USER_PATHS = NO;
				ASSETCATALOG_COMPILER_GENERATE_SWIFT_ASSET_SYMBOL_EXTENSIONS = YES;
				CLANG_ANALYZER_NONNULL = YES;
				CLANG_ANALYZER_NUMBER_OBJECT_CONVERSION = YES_AGGRESSIVE;
				CLANG_CXX_LANGUAGE_STANDARD = "gnu++20";
				CLANG_ENABLE_MODULES = YES;
				CLANG_ENABLE_OBJC_ARC = YES;
				CLANG_ENABLE_OBJC_WEAK = YES;
				CLANG_WARN_BLOCK_CAPTURE_AUTORELEASING = YES;
				CLANG_WARN_BOOL_CONVERSION = YES;
				CLANG_WARN_COMMA = YES;
				CLANG_WARN_CONSTANT_CONVERSION = YES;
				CLANG_WARN_DEPRECATED_OBJC_IMPLEMENTATIONS = YES;
				CLANG_WARN_DIRECT_OBJC_ISA_USAGE = YES_ERROR;
				CLANG_WARN_DOCUMENTATION_COMMENTS = YES;
				CLANG_WARN_EMPTY_BODY = YES;
				CLANG_WARN_ENUM_CONVERSION = YES;
				CLANG_WARN_INFINITE_RECURSION = YES;
				CLANG_WARN_INT_CONVERSION = YES;
				CLANG_WARN_NON_LITERAL_NULL_CONVERSION = YES;
				CLANG_WARN_OBJC_IMPLICIT_RETAIN_SELF = YES;
				CLANG_WARN_OBJC_LITERAL_CONVERSION = YES;
				CLANG_WARN_OBJC_ROOT_CLASS = YES_ERROR;
				CLANG_WARN_QUOTED_INCLUDE_IN_FRAMEWORK_HEADER = YES;
				CLANG_WARN_RANGE_LOOP_ANALYSIS = YES;
				CLANG_WARN_STRICT_PROTOTYPES = YES;
				CLANG_WARN_SUSPICIOUS_MOVE = YES;
				CLANG_WARN_UNGUARDED_AVAILABILITY = YES_AGGRESSIVE;
				CLANG_WARN_UNREACHABLE_CODE = YES;
				CLANG_WARN__DUPLICATE_METHOD_MATCH = YES;
				COPY_PHASE_STRIP = NO;
				DEBUG_INFORMATION_FORMAT = dwarf;
				ENABLE_STRICT_OBJC_MSGSEND = YES;
				ENABLE_TESTABILITY = YES;
				ENABLE_USER_SCRIPT_SANDBOXING = NO;
				GCC_C_LANGUAGE_STANDARD = gnu17;
				GCC_DYNAMIC_NO_PIC = NO;
				GCC_NO_COMMON_BLOCKS = YES;
				GCC_OPTIMIZATION_LEVEL = 0;
				GCC_PREPROCESSOR_DEFINITIONS = (
					"DEBUG=1",
					"$(inherited)",
				);
				GCC_WARN_64_TO_32_BIT_CONVERSION = YES;
				GCC_WARN_ABOUT_RETURN_TYPE = YES_ERROR;
				GCC_WARN_UNDECLARED_SELECTOR = YES;
				GCC_WARN_UNINITIALIZED_AUTOS = YES_AGGRESSIVE;
				GCC_WARN_UNUSED_FUNCTION = YES;
				GCC_WARN_UNUSED_VARIABLE = YES;
				IPHONEOS_DEPLOYMENT_TARGET = 18.2;
				LOCALIZATION_PREFERS_STRING_CATALOGS = YES;
				MTL_ENABLE_DEBUG_INFO = INCLUDE_SOURCE;
				MTL_FAST_MATH = YES;
				ONLY_ACTIVE_ARCH = YES;
				SDKROOT = iphoneos;
				SWIFT_ACTIVE_COMPILATION_CONDITIONS = "DEBUG $(inherited)";
				SWIFT_OPTIMIZATION_LEVEL = "-Onone";
			};
			name = Debug;
		};
		848733D82D8407DD00CB6FC1 /* Release */ = {
			isa = XCBuildConfiguration;
			buildSettings = {
				ALWAYS_SEARCH_USER_PATHS = NO;
				ASSETCATALOG_COMPILER_GENERATE_SWIFT_ASSET_SYMBOL_EXTENSIONS = YES;
				CLANG_ANALYZER_NONNULL = YES;
				CLANG_ANALYZER_NUMBER_OBJECT_CONVERSION = YES_AGGRESSIVE;
				CLANG_CXX_LANGUAGE_STANDARD = "gnu++20";
				CLANG_ENABLE_MODULES = YES;
				CLANG_ENABLE_OBJC_ARC = YES;
				CLANG_ENABLE_OBJC_WEAK = YES;
				CLANG_WARN_BLOCK_CAPTURE_AUTORELEASING = YES;
				CLANG_WARN_BOOL_CONVERSION = YES;
				CLANG_WARN_COMMA = YES;
				CLANG_WARN_CONSTANT_CONVERSION = YES;
				CLANG_WARN_DEPRECATED_OBJC_IMPLEMENTATIONS = YES;
				CLANG_WARN_DIRECT_OBJC_ISA_USAGE = YES_ERROR;
				CLANG_WARN_DOCUMENTATION_COMMENTS = YES;
				CLANG_WARN_EMPTY_BODY = YES;
				CLANG_WARN_ENUM_CONVERSION = YES;
				CLANG_WARN_INFINITE_RECURSION = YES;
				CLANG_WARN_INT_CONVERSION = YES;
				CLANG_WARN_NON_LITERAL_NULL_CONVERSION = YES;
				CLANG_WARN_OBJC_IMPLICIT_RETAIN_SELF = YES;
				CLANG_WARN_OBJC_LITERAL_CONVERSION = YES;
				CLANG_WARN_OBJC_ROOT_CLASS = YES_ERROR;
				CLANG_WARN_QUOTED_INCLUDE_IN_FRAMEWORK_HEADER = YES;
				CLANG_WARN_RANGE_LOOP_ANALYSIS = YES;
				CLANG_WARN_STRICT_PROTOTYPES = YES;
				CLANG_WARN_SUSPICIOUS_MOVE = YES;
				CLANG_WARN_UNGUARDED_AVAILABILITY = YES_AGGRESSIVE;
				CLANG_WARN_UNREACHABLE_CODE = YES;
				CLANG_WARN__DUPLICATE_METHOD_MATCH = YES;
				COPY_PHASE_STRIP = NO;
				DEBUG_INFORMATION_FORMAT = "dwarf-with-dsym";
				ENABLE_NS_ASSERTIONS = NO;
				ENABLE_STRICT_OBJC_MSGSEND = YES;
				ENABLE_USER_SCRIPT_SANDBOXING = NO;
				GCC_C_LANGUAGE_STANDARD = gnu17;
				GCC_NO_COMMON_BLOCKS = YES;
				GCC_WARN_64_TO_32_BIT_CONVERSION = YES;
				GCC_WARN_ABOUT_RETURN_TYPE = YES_ERROR;
				GCC_WARN_UNDECLARED_SELECTOR = YES;
				GCC_WARN_UNINITIALIZED_AUTOS = YES_AGGRESSIVE;
				GCC_WARN_UNUSED_FUNCTION = YES;
				GCC_WARN_UNUSED_VARIABLE = YES;
				IPHONEOS_DEPLOYMENT_TARGET = 18.2;
				LOCALIZATION_PREFERS_STRING_CATALOGS = YES;
				MTL_ENABLE_DEBUG_INFO = NO;
				MTL_FAST_MATH = YES;
				SDKROOT = iphoneos;
				SWIFT_COMPILATION_MODE = wholemodule;
				VALIDATE_PRODUCT = YES;
			};
			name = Release;
		};
		848733DA2D8407DD00CB6FC1 /* Debug */ = {
			isa = XCBuildConfiguration;
			baseConfigurationReference = 605441E09302F2931C8C5466 /* Pods-Zenlyne.debug.xcconfig */;
			buildSettings = {
				ASSETCATALOG_COMPILER_APPICON_NAME = AppIcon;
				ASSETCATALOG_COMPILER_GLOBAL_ACCENT_COLOR_NAME = AccentColor;
				CODE_SIGN_STYLE = Automatic;
				CURRENT_PROJECT_VERSION = 1;
				DEVELOPMENT_ASSET_PATHS = "\"Zenlyne/Preview Content\"";
				ENABLE_PREVIEWS = YES;
				GENERATE_INFOPLIST_FILE = YES;
				INFOPLIST_KEY_UIApplicationSceneManifest_Generation = YES;
				INFOPLIST_KEY_UIApplicationSupportsIndirectInputEvents = YES;
				INFOPLIST_KEY_UILaunchScreen_Generation = YES;
				INFOPLIST_KEY_UISupportedInterfaceOrientations_iPad = "UIInterfaceOrientationPortrait UIInterfaceOrientationPortraitUpsideDown UIInterfaceOrientationLandscapeLeft UIInterfaceOrientationLandscapeRight";
				INFOPLIST_KEY_UISupportedInterfaceOrientations_iPhone = "UIInterfaceOrientationPortrait UIInterfaceOrientationLandscapeLeft UIInterfaceOrientationLandscapeRight";
				LD_RUNPATH_SEARCH_PATHS = (
					"$(inherited)",
					"@executable_path/Frameworks",
				);
				MARKETING_VERSION = 1.0;
				PRODUCT_BUNDLE_IDENTIFIER = com.kouhoang.Zenlyne;
				PRODUCT_NAME = "$(TARGET_NAME)";
				SWIFT_EMIT_LOC_STRINGS = YES;
				SWIFT_VERSION = 5.0;
				TARGETED_DEVICE_FAMILY = "1,2";
			};
			name = Debug;
		};
		848733DB2D8407DD00CB6FC1 /* Release */ = {
			isa = XCBuildConfiguration;
			baseConfigurationReference = 72C3251C961E851F1BF4C6C9 /* Pods-Zenlyne.release.xcconfig */;
			buildSettings = {
				ASSETCATALOG_COMPILER_APPICON_NAME = AppIcon;
				ASSETCATALOG_COMPILER_GLOBAL_ACCENT_COLOR_NAME = AccentColor;
				CODE_SIGN_STYLE = Automatic;
				CURRENT_PROJECT_VERSION = 1;
				DEVELOPMENT_ASSET_PATHS = "\"Zenlyne/Preview Content\"";
				ENABLE_PREVIEWS = YES;
				GENERATE_INFOPLIST_FILE = YES;
				INFOPLIST_KEY_UIApplicationSceneManifest_Generation = YES;
				INFOPLIST_KEY_UIApplicationSupportsIndirectInputEvents = YES;
				INFOPLIST_KEY_UILaunchScreen_Generation = YES;
				INFOPLIST_KEY_UISupportedInterfaceOrientations_iPad = "UIInterfaceOrientationPortrait UIInterfaceOrientationPortraitUpsideDown UIInterfaceOrientationLandscapeLeft UIInterfaceOrientationLandscapeRight";
				INFOPLIST_KEY_UISupportedInterfaceOrientations_iPhone = "UIInterfaceOrientationPortrait UIInterfaceOrientationLandscapeLeft UIInterfaceOrientationLandscapeRight";
				LD_RUNPATH_SEARCH_PATHS = (
					"$(inherited)",
					"@executable_path/Frameworks",
				);
				MARKETING_VERSION = 1.0;
				PRODUCT_BUNDLE_IDENTIFIER = com.kouhoang.Zenlyne;
				PRODUCT_NAME = "$(TARGET_NAME)";
				SWIFT_EMIT_LOC_STRINGS = YES;
				SWIFT_VERSION = 5.0;
				TARGETED_DEVICE_FAMILY = "1,2";
			};
			name = Release;
		};
/* End XCBuildConfiguration section */

/* Begin XCConfigurationList section */
		848733C62D8407D900CB6FC1 /* Build configuration list for PBXProject "Zenlyne" */ = {
			isa = XCConfigurationList;
			buildConfigurations = (
				848733D72D8407DD00CB6FC1 /* Debug */,
				848733D82D8407DD00CB6FC1 /* Release */,
			);
			defaultConfigurationIsVisible = 0;
			defaultConfigurationName = Release;
		};
		848733D92D8407DD00CB6FC1 /* Build configuration list for PBXNativeTarget "Zenlyne" */ = {
			isa = XCConfigurationList;
			buildConfigurations = (
				848733DA2D8407DD00CB6FC1 /* Debug */,
				848733DB2D8407DD00CB6FC1 /* Release */,
			);
			defaultConfigurationIsVisible = 0;
			defaultConfigurationName = Release;
		};
/* End XCConfigurationList section */

/* Begin XCRemoteSwiftPackageReference section */
		848733F42D84116B00CB6FC1 /* XCRemoteSwiftPackageReference "firebase-ios-sdk" */ = {
			isa = XCRemoteSwiftPackageReference;
			repositoryURL = "https://github.com/firebase/firebase-ios-sdk";
			requirement = {
				kind = upToNextMajorVersion;
				minimumVersion = 11.9.0;
			};
		};
/* End XCRemoteSwiftPackageReference section */

/* Begin XCSwiftPackageProductDependency section */
		848733F52D84116B00CB6FC1 /* FirebaseAuth */ = {
			isa = XCSwiftPackageProductDependency;
			package = 848733F42D84116B00CB6FC1 /* XCRemoteSwiftPackageReference "firebase-ios-sdk" */;
			productName = FirebaseAuth;
		};
		848733F72D84116B00CB6FC1 /* FirebaseCore */ = {
			isa = XCSwiftPackageProductDependency;
			package = 848733F42D84116B00CB6FC1 /* XCRemoteSwiftPackageReference "firebase-ios-sdk" */;
			productName = FirebaseCore;
		};
		848733F92D84116B00CB6FC1 /* FirebaseDatabase */ = {
			isa = XCSwiftPackageProductDependency;
			package = 848733F42D84116B00CB6FC1 /* XCRemoteSwiftPackageReference "firebase-ios-sdk" */;
			productName = FirebaseDatabase;
		};
		848733FB2D84116B00CB6FC1 /* FirebaseFirestore */ = {
			isa = XCSwiftPackageProductDependency;
			package = 848733F42D84116B00CB6FC1 /* XCRemoteSwiftPackageReference "firebase-ios-sdk" */;
			productName = FirebaseFirestore;
		};
		848733FD2D84116B00CB6FC1 /* FirebaseFunctions */ = {
			isa = XCSwiftPackageProductDependency;
			package = 848733F42D84116B00CB6FC1 /* XCRemoteSwiftPackageReference "firebase-ios-sdk" */;
			productName = FirebaseFunctions;
		};
		848733FF2D84116B00CB6FC1 /* FirebaseMessaging */ = {
			isa = XCSwiftPackageProductDependency;
			package = 848733F42D84116B00CB6FC1 /* XCRemoteSwiftPackageReference "firebase-ios-sdk" */;
			productName = FirebaseMessaging;
		};
		848734012D84116B00CB6FC1 /* FirebaseStorage */ = {
			isa = XCSwiftPackageProductDependency;
			package = 848733F42D84116B00CB6FC1 /* XCRemoteSwiftPackageReference "firebase-ios-sdk" */;
			productName = FirebaseStorage;
		};
/* End XCSwiftPackageProductDependency section */
	};
	rootObject = 848733C32D8407D900CB6FC1 /* Project object */;
}
